
Microsoft Visual Studio Solution File, Format Version 12.00
# Visual Studio Version 17
VisualStudioVersion = 17.10.35013.160
MinimumVisualStudioVersion = 10.0.40219.1
Project("{FAE04EC0-301F-11D3-BF4B-00C04F79EFBC}") = "WeatherApi", "WeatherApi\WeatherApi.csproj", "{B8225370-DE61-42FD-A53C-AE2098D1EFFF}"
EndProject
Project("{FAE04EC0-301F-11D3-BF4B-00C04F79EFBC}") = "Weather.BusinessLogic", "Weather.BusinessLogic\Weather.BusinessLogic.csproj", "{6C3E57FA-B433-4064-A615-8B4C92EE3C2D}"
EndProject
Project("{FAE04EC0-301F-11D3-BF4B-00C04F79EFBC}") = "Weather.Repository", "Weather.Repository\Weather.Repository.csproj", "{621776A7-F8C8-4437-A146-3E61EFDFE894}"
EndProject
Project("{FAE04EC0-301F-11D3-BF4B-00C04F79EFBC}") = "Weather.Data", "Weather.Data\Weather.Data.csproj", "{F5BD9281-8AA6-4FDF-A820-5D811BB2373E}"
EndProject
Project("{FAE04EC0-301F-11D3-BF4B-00C04F79EFBC}") = "TestWeather", "TestWeather\TestWeather.csproj", "{F261984A-42D9-445A-AB1C-FF1162680FBB}"
EndProject
Global
	GlobalSection(SolutionConfigurationPlatforms) = preSolution
		Debug|Any CPU = Debug|Any CPU
		Release|Any CPU = Release|Any CPU
	EndGlobalSection
	GlobalSection(ProjectConfigurationPlatforms) = postSolution
		{B8225370-DE61-42FD-A53C-AE2098D1EFFF}.Debug|Any CPU.ActiveCfg = Debug|Any CPU
		{B8225370-DE61-42FD-A53C-AE2098D1EFFF}.Debug|Any CPU.Build.0 = Debug|Any CPU
		{B8225370-DE61-42FD-A53C-AE2098D1EFFF}.Release|Any CPU.ActiveCfg = Release|Any CPU
		{B8225370-DE61-42FD-A53C-AE2098D1EFFF}.Release|Any CPU.Build.0 = Release|Any CPU
		{6C3E57FA-B433-4064-A615-8B4C92EE3C2D}.Debug|Any CPU.ActiveCfg = Debug|Any CPU
		{6C3E57FA-B433-4064-A615-8B4C92EE3C2D}.Debug|Any CPU.Build.0 = Debug|Any CPU
		{6C3E57FA-B433-4064-A615-8B4C92EE3C2D}.Release|Any CPU.ActiveCfg = Release|Any CPU
		{6C3E57FA-B433-4064-A615-8B4C92EE3C2D}.Release|Any CPU.Build.0 = Release|Any CPU
		{621776A7-F8C8-4437-A146-3E61EFDFE894}.Debug|Any CPU.ActiveCfg = Debug|Any CPU
		{621776A7-F8C8-4437-A146-3E61EFDFE894}.Debug|Any CPU.Build.0 = Debug|Any CPU
		{621776A7-F8C8-4437-A146-3E61EFDFE894}.Release|Any CPU.ActiveCfg = Release|Any CPU
		{621776A7-F8C8-4437-A146-3E61EFDFE894}.Release|Any CPU.Build.0 = Release|Any CPU
		{F5BD9281-8AA6-4FDF-A820-5D811BB2373E}.Debug|Any CPU.ActiveCfg = Debug|Any CPU
		{F5BD9281-8AA6-4FDF-A820-5D811BB2373E}.Debug|Any CPU.Build.0 = Debug|Any CPU
		{F5BD9281-8AA6-4FDF-A820-5D811BB2373E}.Release|Any CPU.ActiveCfg = Release|Any CPU
		{F5BD9281-8AA6-4FDF-A820-5D811BB2373E}.Release|Any CPU.Build.0 = Release|Any CPU
		{F261984A-42D9-445A-AB1C-FF1162680FBB}.Debug|Any CPU.ActiveCfg = Debug|Any CPU
		{F261984A-42D9-445A-AB1C-FF1162680FBB}.Debug|Any CPU.Build.0 = Debug|Any CPU
		{F261984A-42D9-445A-AB1C-FF1162680FBB}.Release|Any CPU.ActiveCfg = Release|Any CPU
		{F261984A-42D9-445A-AB1C-FF1162680FBB}.Release|Any CPU.Build.0 = Release|Any CPU
	EndGlobalSection
	GlobalSection(SolutionProperties) = preSolution
		HideSolutionNode = FALSE
	EndGlobalSection
	GlobalSection(ExtensibilityGlobals) = postSolution
		SolutionGuid = {2960BDFD-8455-44C9-A639-25C3D5F6EDC6}
	EndGlobalSection
EndGlobal
